
Microsoft Visual Studio Solution File, Format Version 12.00
# Visual Studio Version 17
VisualStudioVersion = 17.14.36109.1 d17.14
MinimumVisualStudioVersion = 10.0.40219.1
Project("{2150E333-8FDC-42A3-9474-1A3956D46DE8}") = "Test", "Test", "{02EA681E-C7D8-13C7-8484-4AC65E1B71E8}"
EndProject
Project("{FAE04EC0-301F-11D3-BF4B-00C04F79EFBC}") = "Tekus.Providers.Domain", "Tekus.Providers.Domain\Tekus.Providers.Domain.csproj", "{F777C325-80E9-4C83-9688-50EEDA70D696}"
EndProject
Project("{FAE04EC0-301F-11D3-BF4B-00C04F79EFBC}") = "Tekus.Providers.Application", "Tekus.Providers.Application\Tekus.Providers.Application.csproj", "{42748324-80F0-41C4-9EA1-4498FD1D6B5C}"
EndProject
Project("{FAE04EC0-301F-11D3-BF4B-00C04F79EFBC}") = "Tekus.Providers.Infrastructure", "Tekus.Providers.Infrastructure\Tekus.Providers.Infrastructure.csproj", "{A7AC75F3-0B2B-4DC6-BF0F-18DD10A496B7}"
EndProject
Project("{FAE04EC0-301F-11D3-BF4B-00C04F79EFBC}") = "Tekus.Providers.API", "Tekus.Providers.API\Tekus.Providers.API.csproj", "{79EA77CC-945A-43DB-9AD0-4BD2D9DD4B47}"
EndProject
Project("{FAE04EC0-301F-11D3-BF4B-00C04F79EFBC}") = "Tekus.Providers.Test", "Tekus.Providers.Test\Tekus.Providers.Test.csproj", "{A217D22D-B84F-4206-AC40-07B648AFDF10}"
EndProject
Global
	GlobalSection(SolutionConfigurationPlatforms) = preSolution
		Debug|Any CPU = Debug|Any CPU
		Release|Any CPU = Release|Any CPU
	EndGlobalSection
	GlobalSection(ProjectConfigurationPlatforms) = postSolution
		{F777C325-80E9-4C83-9688-50EEDA70D696}.Debug|Any CPU.ActiveCfg = Debug|Any CPU
		{F777C325-80E9-4C83-9688-50EEDA70D696}.Debug|Any CPU.Build.0 = Debug|Any CPU
		{F777C325-80E9-4C83-9688-50EEDA70D696}.Release|Any CPU.ActiveCfg = Release|Any CPU
		{F777C325-80E9-4C83-9688-50EEDA70D696}.Release|Any CPU.Build.0 = Release|Any CPU
		{42748324-80F0-41C4-9EA1-4498FD1D6B5C}.Debug|Any CPU.ActiveCfg = Debug|Any CPU
		{42748324-80F0-41C4-9EA1-4498FD1D6B5C}.Debug|Any CPU.Build.0 = Debug|Any CPU
		{42748324-80F0-41C4-9EA1-4498FD1D6B5C}.Release|Any CPU.ActiveCfg = Release|Any CPU
		{42748324-80F0-41C4-9EA1-4498FD1D6B5C}.Release|Any CPU.Build.0 = Release|Any CPU
		{A7AC75F3-0B2B-4DC6-BF0F-18DD10A496B7}.Debug|Any CPU.ActiveCfg = Debug|Any CPU
		{A7AC75F3-0B2B-4DC6-BF0F-18DD10A496B7}.Debug|Any CPU.Build.0 = Debug|Any CPU
		{A7AC75F3-0B2B-4DC6-BF0F-18DD10A496B7}.Release|Any CPU.ActiveCfg = Release|Any CPU
		{A7AC75F3-0B2B-4DC6-BF0F-18DD10A496B7}.Release|Any CPU.Build.0 = Release|Any CPU
		{79EA77CC-945A-43DB-9AD0-4BD2D9DD4B47}.Debug|Any CPU.ActiveCfg = Debug|Any CPU
		{79EA77CC-945A-43DB-9AD0-4BD2D9DD4B47}.Debug|Any CPU.Build.0 = Debug|Any CPU
		{79EA77CC-945A-43DB-9AD0-4BD2D9DD4B47}.Release|Any CPU.ActiveCfg = Release|Any CPU
		{79EA77CC-945A-43DB-9AD0-4BD2D9DD4B47}.Release|Any CPU.Build.0 = Release|Any CPU
		{A217D22D-B84F-4206-AC40-07B648AFDF10}.Debug|Any CPU.ActiveCfg = Debug|Any CPU
		{A217D22D-B84F-4206-AC40-07B648AFDF10}.Debug|Any CPU.Build.0 = Debug|Any CPU
		{A217D22D-B84F-4206-AC40-07B648AFDF10}.Release|Any CPU.ActiveCfg = Release|Any CPU
		{A217D22D-B84F-4206-AC40-07B648AFDF10}.Release|Any CPU.Build.0 = Release|Any CPU
	EndGlobalSection
	GlobalSection(SolutionProperties) = preSolution
		HideSolutionNode = FALSE
	EndGlobalSection
	GlobalSection(NestedProjects) = preSolution
		{A217D22D-B84F-4206-AC40-07B648AFDF10} = {02EA681E-C7D8-13C7-8484-4AC65E1B71E8}
	EndGlobalSection
	GlobalSection(ExtensibilityGlobals) = postSolution
		SolutionGuid = {3B2C5079-920D-42FA-B158-45A091D400EE}
	EndGlobalSection
EndGlobal
